
Microsoft Visual Studio Solution File, Format Version 12.00
# Visual Studio Version 17
VisualStudioVersion = 17.3.32901.215
MinimumVisualStudioVersion = 10.0.40219.1
Project("{FAE04EC0-301F-11D3-BF4B-00C04F79EFBC}") = "ConsoleApplication", "ConsoleApplication\ConsoleApplication.csproj", "{2BFC2D9C-FC2D-457A-A5B3-7EE4DF129FB2}"
EndProject
Global
	GlobalSection(SolutionConfigurationPlatforms) = preSolution
		Debug|Any CPU = Debug|Any CPU
		Release|Any CPU = Release|Any CPU
	EndGlobalSection
	GlobalSection(ProjectConfigurationPlatforms) = postSolution
		{2BFC2D9C-FC2D-457A-A5B3-7EE4DF129FB2}.Debug|Any CPU.ActiveCfg = Debug|Any CPU
		{2BFC2D9C-FC2D-457A-A5B3-7EE4DF129FB2}.Debug|Any CPU.Build.0 = Debug|Any CPU
		{2BFC2D9C-FC2D-457A-A5B3-7EE4DF129FB2}.Release|Any CPU.ActiveCfg = Release|Any CPU
		{2BFC2D9C-FC2D-457A-A5B3-7EE4DF129FB2}.Release|Any CPU.Build.0 = Release|Any CPU
	EndGlobalSection
	GlobalSection(SolutionProperties) = preSolution
		HideSolutionNode = FALSE
	EndGlobalSection
	GlobalSection(ExtensibilityGlobals) = postSolution
		SolutionGuid = {05B3F8F1-C4A4-48B2-817C-AD1355C0C4D4}
	EndGlobalSection
EndGlobal
