
Microsoft Visual Studio Solution File, Format Version 12.00
# Visual Studio Version 17
VisualStudioVersion = 17.3.32901.215
MinimumVisualStudioVersion = 10.0.40219.1
Project("{FAE04EC0-301F-11D3-BF4B-00C04F79EFBC}") = "MathQuiz", "MathQuiz\MathQuiz.csproj", "{CAA1CB8F-2C5C-4AA4-980C-8537B9550F21}"
EndProject
Global
	GlobalSection(SolutionConfigurationPlatforms) = preSolution
		Debug|Any CPU = Debug|Any CPU
		Release|Any CPU = Release|Any CPU
	EndGlobalSection
	GlobalSection(ProjectConfigurationPlatforms) = postSolution
		{CAA1CB8F-2C5C-4AA4-980C-8537B9550F21}.Debug|Any CPU.ActiveCfg = Debug|Any CPU
		{CAA1CB8F-2C5C-4AA4-980C-8537B9550F21}.Debug|Any CPU.Build.0 = Debug|Any CPU
		{CAA1CB8F-2C5C-4AA4-980C-8537B9550F21}.Release|Any CPU.ActiveCfg = Release|Any CPU
		{CAA1CB8F-2C5C-4AA4-980C-8537B9550F21}.Release|Any CPU.Build.0 = Release|Any CPU
	EndGlobalSection
	GlobalSection(SolutionProperties) = preSolution
		HideSolutionNode = FALSE
	EndGlobalSection
	GlobalSection(ExtensibilityGlobals) = postSolution
		SolutionGuid = {30D038A8-A547-440F-AB25-A857E62F3330}
	EndGlobalSection
EndGlobal
